
Microsoft Visual Studio Solution File, Format Version 12.00
# Visual Studio 2013
VisualStudioVersion = 12.0.30501.0
MinimumVisualStudioVersion = 10.0.40219.1
Project("{2150E333-8FDC-42A3-9474-1A3956D46DE8}") = "Implement", "Implement", "{C7EF8B7C-B951-401E-AE3D-1F32092B3399}"
EndProject
Project("{2150E333-8FDC-42A3-9474-1A3956D46DE8}") = "Interface", "Interface", "{E8559D28-980E-402B-8820-A2FFD6971FDD}"
EndProject
Project("{2150E333-8FDC-42A3-9474-1A3956D46DE8}") = "Model", "Model", "{F02755BA-2070-4CF1-AA3F-2C0833D1A12D}"
EndProject
Project("{FAE04EC0-301F-11D3-BF4B-00C04F79EFBC}") = "Nbugs.OperationApp.UI.Admin", "Nbugs.OperationApp.UI.Admin\Nbugs.OperationApp.UI.Admin.csproj", "{5BFECE8E-7AC6-48A9-BC19-1359DED79751}"
EndProject
Project("{FAE04EC0-301F-11D3-BF4B-00C04F79EFBC}") = "Nbugs.IDAL", "Nbugs.IDAL\Nbugs.IDAL.csproj", "{887D512C-E50C-4ECA-8A01-A664F531D8F2}"
EndProject
Project("{FAE04EC0-301F-11D3-BF4B-00C04F79EFBC}") = "Nbugs.IBLL", "Nbugs.IBLL\Nbugs.IBLL.csproj", "{166A39EC-E3BD-4965-A1CB-8D98C7F10087}"
EndProject
Project("{2150E333-8FDC-42A3-9474-1A3956D46DE8}") = "Common", "Common", "{BF9F26F7-BC37-4A87-8F8D-D6D987F484CD}"
EndProject
Project("{FAE04EC0-301F-11D3-BF4B-00C04F79EFBC}") = "Nbugs.BLL", "Nbugs.BLL\Nbugs.BLL.csproj", "{BF25BDD3-A41B-4626-96C1-C68C8F36C73C}"
EndProject
Project("{2150E333-8FDC-42A3-9474-1A3956D46DE8}") = "Lib", "Lib", "{AE41E815-4B89-4687-AD59-6F2918FB6411}"
EndProject
Global
	GlobalSection(SolutionConfigurationPlatforms) = preSolution
		Debug|Any CPU = Debug|Any CPU
		Release|Any CPU = Release|Any CPU
	EndGlobalSection
	GlobalSection(ProjectConfigurationPlatforms) = postSolution
		{5BFECE8E-7AC6-48A9-BC19-1359DED79751}.Debug|Any CPU.ActiveCfg = Debug|Any CPU
		{5BFECE8E-7AC6-48A9-BC19-1359DED79751}.Release|Any CPU.ActiveCfg = Release|Any CPU
		{5BFECE8E-7AC6-48A9-BC19-1359DED79751}.Release|Any CPU.Build.0 = Release|Any CPU
		{887D512C-E50C-4ECA-8A01-A664F531D8F2}.Debug|Any CPU.ActiveCfg = Debug|Any CPU
		{887D512C-E50C-4ECA-8A01-A664F531D8F2}.Debug|Any CPU.Build.0 = Debug|Any CPU
		{887D512C-E50C-4ECA-8A01-A664F531D8F2}.Release|Any CPU.ActiveCfg = Release|Any CPU
		{887D512C-E50C-4ECA-8A01-A664F531D8F2}.Release|Any CPU.Build.0 = Release|Any CPU
		{166A39EC-E3BD-4965-A1CB-8D98C7F10087}.Debug|Any CPU.ActiveCfg = Debug|Any CPU
		{166A39EC-E3BD-4965-A1CB-8D98C7F10087}.Debug|Any CPU.Build.0 = Debug|Any CPU
		{166A39EC-E3BD-4965-A1CB-8D98C7F10087}.Release|Any CPU.ActiveCfg = Release|Any CPU
		{166A39EC-E3BD-4965-A1CB-8D98C7F10087}.Release|Any CPU.Build.0 = Release|Any CPU
		{BF25BDD3-A41B-4626-96C1-C68C8F36C73C}.Debug|Any CPU.ActiveCfg = Debug|Any CPU
		{BF25BDD3-A41B-4626-96C1-C68C8F36C73C}.Debug|Any CPU.Build.0 = Debug|Any CPU
		{BF25BDD3-A41B-4626-96C1-C68C8F36C73C}.Release|Any CPU.ActiveCfg = Release|Any CPU
		{BF25BDD3-A41B-4626-96C1-C68C8F36C73C}.Release|Any CPU.Build.0 = Release|Any CPU
	EndGlobalSection
	GlobalSection(SolutionProperties) = preSolution
		HideSolutionNode = FALSE
	EndGlobalSection
	GlobalSection(NestedProjects) = preSolution
		{887D512C-E50C-4ECA-8A01-A664F531D8F2} = {E8559D28-980E-402B-8820-A2FFD6971FDD}
		{166A39EC-E3BD-4965-A1CB-8D98C7F10087} = {E8559D28-980E-402B-8820-A2FFD6971FDD}
		{BF25BDD3-A41B-4626-96C1-C68C8F36C73C} = {C7EF8B7C-B951-401E-AE3D-1F32092B3399}
	EndGlobalSection
EndGlobal
